
Microsoft Visual Studio Solution File, Format Version 12.00
# Visual Studio Version 17
VisualStudioVersion = 17.14.36310.24 d17.14
MinimumVisualStudioVersion = 10.0.40219.1
Project("{FAE04EC0-301F-11D3-BF4B-00C04F79EFBC}") = "threds", "threds\threds.csproj", "{4A0B2F40-B252-434F-B9F5-36F97B204A5B}"
EndProject
Global
	GlobalSection(SolutionConfigurationPlatforms) = preSolution
		Debug|Any CPU = Debug|Any CPU
		Release|Any CPU = Release|Any CPU
	EndGlobalSection
	GlobalSection(ProjectConfigurationPlatforms) = postSolution
		{4A0B2F40-B252-434F-B9F5-36F97B204A5B}.Debug|Any CPU.ActiveCfg = Debug|Any CPU
		{4A0B2F40-B252-434F-B9F5-36F97B204A5B}.Debug|Any CPU.Build.0 = Debug|Any CPU
		{4A0B2F40-B252-434F-B9F5-36F97B204A5B}.Release|Any CPU.ActiveCfg = Release|Any CPU
		{4A0B2F40-B252-434F-B9F5-36F97B204A5B}.Release|Any CPU.Build.0 = Release|Any CPU
	EndGlobalSection
	GlobalSection(SolutionProperties) = preSolution
		HideSolutionNode = FALSE
	EndGlobalSection
	GlobalSection(ExtensibilityGlobals) = postSolution
		SolutionGuid = {FCEA3C4D-B61A-474B-B9F1-2AE8DB9787E3}
	EndGlobalSection
EndGlobal
