
Microsoft Visual Studio Solution File, Format Version 12.00
# Visual Studio Version 17
VisualStudioVersion = 17.10.35013.160
MinimumVisualStudioVersion = 10.0.40219.1
Project("{FAE04EC0-301F-11D3-BF4B-00C04F79EFBC}") = "WinFormsApp1", "WinFormsApp1.csproj", "{ED22C16F-1C12-4224-A267-150DC36F2948}"
EndProject
Global
	GlobalSection(SolutionConfigurationPlatforms) = preSolution
		Debug|Any CPU = Debug|Any CPU
		Release|Any CPU = Release|Any CPU
	EndGlobalSection
	GlobalSection(ProjectConfigurationPlatforms) = postSolution
		{ED22C16F-1C12-4224-A267-150DC36F2948}.Debug|Any CPU.ActiveCfg = Debug|Any CPU
		{ED22C16F-1C12-4224-A267-150DC36F2948}.Debug|Any CPU.Build.0 = Debug|Any CPU
		{ED22C16F-1C12-4224-A267-150DC36F2948}.Release|Any CPU.ActiveCfg = Release|Any CPU
		{ED22C16F-1C12-4224-A267-150DC36F2948}.Release|Any CPU.Build.0 = Release|Any CPU
	EndGlobalSection
	GlobalSection(SolutionProperties) = preSolution
		HideSolutionNode = FALSE
	EndGlobalSection
	GlobalSection(ExtensibilityGlobals) = postSolution
		SolutionGuid = {7A8E42B8-DE0A-47C5-9B20-8719D8F7A29E}
	EndGlobalSection
EndGlobal
